
Microsoft Visual Studio Solution File, Format Version 12.00
Project("{FAE04EC0-301F-11D3-BF4B-00C04F79EFBC}") = "HotelWebApplication", "HotelWebApplication\HotelWebApplication.csproj", "{BB243E87-5638-472E-983F-17D4AA6A1485}"
EndProject
Project("{FAE04EC0-301F-11D3-BF4B-00C04F79EFBC}") = "HotelWebApplication.Domain", "HotelWebApplication.Domain\HotelWebApplication.Domain.csproj", "{67E92272-A437-4FDB-9FD0-4FF728B43DDD}"
EndProject
Project("{FAE04EC0-301F-11D3-BF4B-00C04F79EFBC}") = "HotelWebApplication.Application", "HotelWebApplication.Application\HotelWebApplication.Application.csproj", "{88750BC1-C375-44E3-9B0D-AEDF35DBDFDB}"
EndProject
Project("{FAE04EC0-301F-11D3-BF4B-00C04F79EFBC}") = "HotelWebApplication.Infrastructure", "HotelWebApplication.Infrastructure\HotelWebApplication.Infrastructure.csproj", "{F8A1C9E2-E07A-4357-AD6C-D35E0B33D294}"
EndProject
Project("{FAE04EC0-301F-11D3-BF4B-00C04F79EFBC}") = "HotelWebApplication.Models", "HotelWebApplication.Models\HotelWebApplication.Models.csproj", "{268EA16A-1884-4E0C-8146-891C252CA7D8}"
EndProject
Global
	GlobalSection(SolutionConfigurationPlatforms) = preSolution
		Debug|Any CPU = Debug|Any CPU
		Release|Any CPU = Release|Any CPU
	EndGlobalSection
	GlobalSection(ProjectConfigurationPlatforms) = postSolution
		{BB243E87-5638-472E-983F-17D4AA6A1485}.Debug|Any CPU.ActiveCfg = Debug|Any CPU
		{BB243E87-5638-472E-983F-17D4AA6A1485}.Debug|Any CPU.Build.0 = Debug|Any CPU
		{BB243E87-5638-472E-983F-17D4AA6A1485}.Release|Any CPU.ActiveCfg = Release|Any CPU
		{BB243E87-5638-472E-983F-17D4AA6A1485}.Release|Any CPU.Build.0 = Release|Any CPU
		{67E92272-A437-4FDB-9FD0-4FF728B43DDD}.Debug|Any CPU.ActiveCfg = Debug|Any CPU
		{67E92272-A437-4FDB-9FD0-4FF728B43DDD}.Debug|Any CPU.Build.0 = Debug|Any CPU
		{67E92272-A437-4FDB-9FD0-4FF728B43DDD}.Release|Any CPU.ActiveCfg = Release|Any CPU
		{67E92272-A437-4FDB-9FD0-4FF728B43DDD}.Release|Any CPU.Build.0 = Release|Any CPU
		{88750BC1-C375-44E3-9B0D-AEDF35DBDFDB}.Debug|Any CPU.ActiveCfg = Debug|Any CPU
		{88750BC1-C375-44E3-9B0D-AEDF35DBDFDB}.Debug|Any CPU.Build.0 = Debug|Any CPU
		{88750BC1-C375-44E3-9B0D-AEDF35DBDFDB}.Release|Any CPU.ActiveCfg = Release|Any CPU
		{88750BC1-C375-44E3-9B0D-AEDF35DBDFDB}.Release|Any CPU.Build.0 = Release|Any CPU
		{F8A1C9E2-E07A-4357-AD6C-D35E0B33D294}.Debug|Any CPU.ActiveCfg = Debug|Any CPU
		{F8A1C9E2-E07A-4357-AD6C-D35E0B33D294}.Debug|Any CPU.Build.0 = Debug|Any CPU
		{F8A1C9E2-E07A-4357-AD6C-D35E0B33D294}.Release|Any CPU.ActiveCfg = Release|Any CPU
		{F8A1C9E2-E07A-4357-AD6C-D35E0B33D294}.Release|Any CPU.Build.0 = Release|Any CPU
		{268EA16A-1884-4E0C-8146-891C252CA7D8}.Debug|Any CPU.ActiveCfg = Debug|Any CPU
		{268EA16A-1884-4E0C-8146-891C252CA7D8}.Debug|Any CPU.Build.0 = Debug|Any CPU
		{268EA16A-1884-4E0C-8146-891C252CA7D8}.Release|Any CPU.ActiveCfg = Release|Any CPU
		{268EA16A-1884-4E0C-8146-891C252CA7D8}.Release|Any CPU.Build.0 = Release|Any CPU
	EndGlobalSection
EndGlobal
